<?xml version="1.0" encoding="utf-8"?>
<Project ToolsVersion="4.0" xmlns="http://schemas.microsoft.com/developer/msbuild/2003">
  <ItemGroup>
    <Filter Include="Source Files">
      <UniqueIdentifier>{4FC737F1-C7A5-4376-A066-2A32D752A2FF}</UniqueIdentifier>
      <Extensions>cpp;c;cc;cxx;def;odl;idl;hpj;bat;asm;asmx</Extensions>
    </Filter>
    <Filter Include="Header Files">
      <UniqueIdentifier>{93995380-89BD-4b04-88EB-625FBE52EBFB}</UniqueIdentifier>
      <Extensions>h;hh;hpp;hxx;hm;inl;inc;ipp;xsd</Extensions>
    </Filter>
    <Filter Include="Resource Files">
      <UniqueIdentifier>{67DA6AB6-F800-4c08-8B7A-83BB121AAD01}</UniqueIdentifier>
      <Extensions>rc;ico;cur;bmp;dlg;rc2;rct;bin;rgs;gif;jpg;jpeg;jpe;resx;tiff;tif;png;wav;mfcribbon-ms</Extensions>
    </Filter>
  </ItemGroup>
  <ItemGroup>
    <ClCompile Include="db.cpp">
      <Filter>Source Files</Filter>
    </ClCompile>
    <ClCompile Include="main.cpp" />
    <ClCompile Include="util.cpp">
      <Filter>Source Files</Filter>
    </ClCompile>
    <ClCompile Include="worker.cpp">
      <Filter>Source Files</Filter>
    </ClCompile>
    <ClCompile Include="json_config_amount.cpp">
      <Filter>Source Files</Filter>
    </ClCompile>
    <ClCompile Include="json_config_database.cpp">
      <Filter>Source Files</Filter>
    </ClCompile>
    <ClCompile Include="json_config_router.cpp">
      <Filter>Source Files</Filter>
    </ClCompile>
    <ClCompile Include="connector_derived.cpp">
      <Filter>Source Files</Filter>
    </ClCompile>
    <ClCompile Include="json_config_base.cpp">
      <Filter>Source Files</Filter>
    </ClCompile>
    <ClCompile Include="json_config_sock.cpp">
      <Filter>Source Files</Filter>
    </ClCompile>
    <ClCompile Include="unix_sock.cpp">
      <Filter>Source Files</Filter>
    </ClCompile>
  </ItemGroup>
  <ItemGroup>
    <ClInclude Include="db.hpp">
      <Filter>Header Files</Filter>
    </ClInclude>
    <ClInclude Include="queries.hpp">
      <Filter>Header Files</Filter>
    </ClInclude>
    <ClInclude Include="util.hpp">
      <Filter>Header Files</Filter>
    </ClInclude>
    <ClInclude Include="worker.hpp">
      <Filter>Header Files</Filter>
    </ClInclude>
    <ClInclude Include="database_config.hpp">
      <Filter>Header Files</Filter>
    </ClInclude>
    <ClInclude Include="mikrotik_api_config.hpp">
      <Filter>Header Files</Filter>
    </ClInclude>
    <ClInclude Include="base_config.hpp">
      <Filter>Header Files</Filter>
    </ClInclude>
    <ClInclude Include="json_config_base.hpp">
      <Filter>Header Files</Filter>
    </ClInclude>
    <ClInclude Include="json_config_database.hpp">
      <Filter>Header Files</Filter>
    </ClInclude>
    <ClInclude Include="json_config_router.hpp">
      <Filter>Header Files</Filter>
    </ClInclude>
    <ClInclude Include="json_config_amount.hpp">
      <Filter>Header Files</Filter>
    </ClInclude>
    <ClInclude Include="connector_derived.hpp">
      <Filter>Header Files</Filter>
    </ClInclude>
    <ClInclude Include="json_config_sock.hpp">
      <Filter>Header Files</Filter>
    </ClInclude>
    <ClInclude Include="unix_sock.hpp">
      <Filter>Header Files</Filter>
    </ClInclude>
    <ClInclude Include="unix_sock_config.hpp">
      <Filter>Header Files</Filter>
    </ClInclude>
  </ItemGroup>
</Project>